
Microsoft Visual Studio Solution File, Format Version 12.00
# Visual Studio Version 17
VisualStudioVersion = 17.3.32714.290
MinimumVisualStudioVersion = 10.0.40219.1
Project("{FAE04EC0-301F-11D3-BF4B-00C04F79EFBC}") = "FinalProject", "FinalProject\FinalProject.csproj", "{ABA672B2-A697-4886-A2F8-FF226EBA346F}"
EndProject
Global
	GlobalSection(SolutionConfigurationPlatforms) = preSolution
		Debug|Any CPU = Debug|Any CPU
		Release|Any CPU = Release|Any CPU
	EndGlobalSection
	GlobalSection(ProjectConfigurationPlatforms) = postSolution
		{ABA672B2-A697-4886-A2F8-FF226EBA346F}.Debug|Any CPU.ActiveCfg = Debug|Any CPU
		{ABA672B2-A697-4886-A2F8-FF226EBA346F}.Debug|Any CPU.Build.0 = Debug|Any CPU
		{ABA672B2-A697-4886-A2F8-FF226EBA346F}.Release|Any CPU.ActiveCfg = Release|Any CPU
		{ABA672B2-A697-4886-A2F8-FF226EBA346F}.Release|Any CPU.Build.0 = Release|Any CPU
	EndGlobalSection
	GlobalSection(SolutionProperties) = preSolution
		HideSolutionNode = FALSE
	EndGlobalSection
	GlobalSection(ExtensibilityGlobals) = postSolution
		SolutionGuid = {8B8F8EC1-0DF7-44E2-A786-6CA90DC35662}
	EndGlobalSection
EndGlobal
